
Microsoft Visual Studio Solution File, Format Version 12.00
# Visual Studio 15
VisualStudioVersion = 15.0.27428.2015
MinimumVisualStudioVersion = 10.0.40219.1
Project("{2150E333-8FDC-42A3-9474-1A3956D46DE8}") = "Solution Items", "Solution Items", "{AAA1A8E8-9D40-465F-BC4E-9329D367829B}"
	ProjectSection(SolutionItems) = preProject
		Code\EasyBMP.cpp = Code\EasyBMP.cpp
		Code\EasyBMP.h = Code\EasyBMP.h
		Code\EasyBMP_BMP.h = Code\EasyBMP_BMP.h
		Code\EasyBMP_DataStructures.h = Code\EasyBMP_DataStructures.h
		Code\EasyBMP_VariousBMPutilities.h = Code\EasyBMP_VariousBMPutilities.h
		Code\Main.cpp = Code\Main.cpp
		Code\Plane.cpp = Code\Plane.cpp
		Code\Plane.h = Code\Plane.h
		Code\Ray.cpp = Code\Ray.cpp
		Code\Ray.h = Code\Ray.h
		Code\Scene.cpp = Code\Scene.cpp
		Code\Scene.h = Code\Scene.h
		Code\Sphere.cpp = Code\Sphere.cpp
		Code\Sphere.h = Code\Sphere.h
		Code\Vector3D.cpp = Code\Vector3D.cpp
		Code\Vector3D.h = Code\Vector3D.h
		Code\Viewplane.cpp = Code\Viewplane.cpp
		Code\Viewplane.h = Code\Viewplane.h
	EndProjectSection
EndProject
Global
	GlobalSection(SolutionProperties) = preSolution
		HideSolutionNode = FALSE
	EndGlobalSection
	GlobalSection(ExtensibilityGlobals) = postSolution
		SolutionGuid = {0E4EED6C-60C3-4570-AB5C-0D4057C4E42B}
	EndGlobalSection
EndGlobal
